
Microsoft Visual Studio Solution File, Format Version 12.00
# Visual Studio Version 16
VisualStudioVersion = 16.0.29519.181
MinimumVisualStudioVersion = 10.0.40219.1
Project("{FAE04EC0-301F-11D3-BF4B-00C04F79EFBC}") = "Evans.Demo.Core", "Evans.Demo.Core\Evans.Demo.Core.csproj", "{6017E350-A76C-49D1-A409-7768F409016D}"
EndProject
Project("{2150E333-8FDC-42A3-9474-1A3956D46DE8}") = "Tests", "Tests", "{EC92D54A-18E9-4166-B013-9BDBF0BDD044}"
EndProject
Project("{FAE04EC0-301F-11D3-BF4B-00C04F79EFBC}") = "Evans.Demo.Core.Tests", "Tests\Evans.Demo.Core.Tests\Evans.Demo.Core.Tests.csproj", "{8EDF4429-251A-416D-BB68-93F227191BCF}"
EndProject
Project("{FAE04EC0-301F-11D3-BF4B-00C04F79EFBC}") = "Evans.Demo.Domain", "Evans.Demo.Domain\Evans.Demo.Domain.csproj", "{E887BBB9-1060-4B2E-B1E6-81C7290691BC}"
EndProject
Project("{FAE04EC0-301F-11D3-BF4B-00C04F79EFBC}") = "Evans.Demo.Repositories.EntityFramework", "Evans.Demo.Repositories.EntityFramework\Evans.Demo.Repositories.EntityFramework.csproj", "{E60C0CFD-D12E-440C-A31E-C2B7C45A4A24}"
EndProject
Project("{FAE04EC0-301F-11D3-BF4B-00C04F79EFBC}") = "Evans.Demo.Core.Web.Api", "Evans.Demo.Core.Web.Api\Evans.Demo.Core.Web.Api.csproj", "{1A13F433-29BA-4B1D-8268-0055090194B6}"
EndProject
Project("{FAE04EC0-301F-11D3-BF4B-00C04F79EFBC}") = "Evans.Demo.Web.Api", "Evans.Demo.Web.Api\Evans.Demo.Web.Api.csproj", "{F5643CF4-74F9-43BC-A0CC-67D97ECF5897}"
EndProject
Project("{FAE04EC0-301F-11D3-BF4B-00C04F79EFBC}") = "Evans.Demo.Services", "Evans.Demo.Services\Evans.Demo.Services.csproj", "{30678D7D-A2C7-4928-B87F-67D9B1C11DDA}"
EndProject
Project("{FAE04EC0-301F-11D3-BF4B-00C04F79EFBC}") = "Evans.Demo.Repositories.EntityFramework.Tests", "Evans.Demo.Repositories.EntityFramework.Tests\Evans.Demo.Repositories.EntityFramework.Tests.csproj", "{C155DD6B-668E-4922-8263-E8AF7F2CFDC5}"
EndProject
Project("{2150E333-8FDC-42A3-9474-1A3956D46DE8}") = "Domain", "Domain", "{C2FAEDED-7608-44CF-A02E-140791E397DA}"
EndProject
Project("{FAE04EC0-301F-11D3-BF4B-00C04F79EFBC}") = "Evans.Demo.Domain.ToDo", "Evans.Demo.Domain.ToDo\Evans.Demo.Domain.ToDo.csproj", "{BFE6B24E-E809-403E-A012-4A8D84C55E71}"
EndProject
Global
	GlobalSection(SolutionConfigurationPlatforms) = preSolution
		Debug|Any CPU = Debug|Any CPU
		Release|Any CPU = Release|Any CPU
	EndGlobalSection
	GlobalSection(ProjectConfigurationPlatforms) = postSolution
		{6017E350-A76C-49D1-A409-7768F409016D}.Debug|Any CPU.ActiveCfg = Debug|Any CPU
		{6017E350-A76C-49D1-A409-7768F409016D}.Debug|Any CPU.Build.0 = Debug|Any CPU
		{6017E350-A76C-49D1-A409-7768F409016D}.Release|Any CPU.ActiveCfg = Release|Any CPU
		{6017E350-A76C-49D1-A409-7768F409016D}.Release|Any CPU.Build.0 = Release|Any CPU
		{8EDF4429-251A-416D-BB68-93F227191BCF}.Debug|Any CPU.ActiveCfg = Debug|Any CPU
		{8EDF4429-251A-416D-BB68-93F227191BCF}.Debug|Any CPU.Build.0 = Debug|Any CPU
		{8EDF4429-251A-416D-BB68-93F227191BCF}.Release|Any CPU.ActiveCfg = Release|Any CPU
		{8EDF4429-251A-416D-BB68-93F227191BCF}.Release|Any CPU.Build.0 = Release|Any CPU
		{E887BBB9-1060-4B2E-B1E6-81C7290691BC}.Debug|Any CPU.ActiveCfg = Debug|Any CPU
		{E887BBB9-1060-4B2E-B1E6-81C7290691BC}.Debug|Any CPU.Build.0 = Debug|Any CPU
		{E887BBB9-1060-4B2E-B1E6-81C7290691BC}.Release|Any CPU.ActiveCfg = Release|Any CPU
		{E887BBB9-1060-4B2E-B1E6-81C7290691BC}.Release|Any CPU.Build.0 = Release|Any CPU
		{E60C0CFD-D12E-440C-A31E-C2B7C45A4A24}.Debug|Any CPU.ActiveCfg = Debug|Any CPU
		{E60C0CFD-D12E-440C-A31E-C2B7C45A4A24}.Debug|Any CPU.Build.0 = Debug|Any CPU
		{E60C0CFD-D12E-440C-A31E-C2B7C45A4A24}.Release|Any CPU.ActiveCfg = Release|Any CPU
		{E60C0CFD-D12E-440C-A31E-C2B7C45A4A24}.Release|Any CPU.Build.0 = Release|Any CPU
		{1A13F433-29BA-4B1D-8268-0055090194B6}.Debug|Any CPU.ActiveCfg = Debug|Any CPU
		{1A13F433-29BA-4B1D-8268-0055090194B6}.Debug|Any CPU.Build.0 = Debug|Any CPU
		{1A13F433-29BA-4B1D-8268-0055090194B6}.Release|Any CPU.ActiveCfg = Release|Any CPU
		{1A13F433-29BA-4B1D-8268-0055090194B6}.Release|Any CPU.Build.0 = Release|Any CPU
		{F5643CF4-74F9-43BC-A0CC-67D97ECF5897}.Debug|Any CPU.ActiveCfg = Debug|Any CPU
		{F5643CF4-74F9-43BC-A0CC-67D97ECF5897}.Debug|Any CPU.Build.0 = Debug|Any CPU
		{F5643CF4-74F9-43BC-A0CC-67D97ECF5897}.Release|Any CPU.ActiveCfg = Release|Any CPU
		{F5643CF4-74F9-43BC-A0CC-67D97ECF5897}.Release|Any CPU.Build.0 = Release|Any CPU
		{30678D7D-A2C7-4928-B87F-67D9B1C11DDA}.Debug|Any CPU.ActiveCfg = Debug|Any CPU
		{30678D7D-A2C7-4928-B87F-67D9B1C11DDA}.Debug|Any CPU.Build.0 = Debug|Any CPU
		{30678D7D-A2C7-4928-B87F-67D9B1C11DDA}.Release|Any CPU.ActiveCfg = Release|Any CPU
		{30678D7D-A2C7-4928-B87F-67D9B1C11DDA}.Release|Any CPU.Build.0 = Release|Any CPU
		{C155DD6B-668E-4922-8263-E8AF7F2CFDC5}.Debug|Any CPU.ActiveCfg = Debug|Any CPU
		{C155DD6B-668E-4922-8263-E8AF7F2CFDC5}.Debug|Any CPU.Build.0 = Debug|Any CPU
		{C155DD6B-668E-4922-8263-E8AF7F2CFDC5}.Release|Any CPU.ActiveCfg = Release|Any CPU
		{C155DD6B-668E-4922-8263-E8AF7F2CFDC5}.Release|Any CPU.Build.0 = Release|Any CPU
		{BFE6B24E-E809-403E-A012-4A8D84C55E71}.Debug|Any CPU.ActiveCfg = Debug|Any CPU
		{BFE6B24E-E809-403E-A012-4A8D84C55E71}.Debug|Any CPU.Build.0 = Debug|Any CPU
		{BFE6B24E-E809-403E-A012-4A8D84C55E71}.Release|Any CPU.ActiveCfg = Release|Any CPU
		{BFE6B24E-E809-403E-A012-4A8D84C55E71}.Release|Any CPU.Build.0 = Release|Any CPU
	EndGlobalSection
	GlobalSection(SolutionProperties) = preSolution
		HideSolutionNode = FALSE
	EndGlobalSection
	GlobalSection(NestedProjects) = preSolution
		{8EDF4429-251A-416D-BB68-93F227191BCF} = {EC92D54A-18E9-4166-B013-9BDBF0BDD044}
		{E887BBB9-1060-4B2E-B1E6-81C7290691BC} = {C2FAEDED-7608-44CF-A02E-140791E397DA}
		{C155DD6B-668E-4922-8263-E8AF7F2CFDC5} = {EC92D54A-18E9-4166-B013-9BDBF0BDD044}
		{BFE6B24E-E809-403E-A012-4A8D84C55E71} = {C2FAEDED-7608-44CF-A02E-140791E397DA}
	EndGlobalSection
	GlobalSection(ExtensibilityGlobals) = postSolution
		SolutionGuid = {29E9E0DD-CA74-4E3D-A01F-98EDAF133D48}
	EndGlobalSection
EndGlobal
